
Microsoft Visual Studio Solution File, Format Version 12.00
# Visual Studio Version 17
VisualStudioVersion = 17.0.33530.339
MinimumVisualStudioVersion = 10.0.40219.1
Project("{FAE04EC0-301F-11D3-BF4B-00C04F79EFBC}") = "RestaurantAppProject", "RestaurantAppProject\RestaurantAppProject.csproj", "{5A4594B9-9CBF-4FB9-861A-B36E6C4C6F29}"
EndProject
Global
	GlobalSection(SolutionConfigurationPlatforms) = preSolution
		Debug|Any CPU = Debug|Any CPU
		Release|Any CPU = Release|Any CPU
	EndGlobalSection
	GlobalSection(ProjectConfigurationPlatforms) = postSolution
		{5A4594B9-9CBF-4FB9-861A-B36E6C4C6F29}.Debug|Any CPU.ActiveCfg = Debug|Any CPU
		{5A4594B9-9CBF-4FB9-861A-B36E6C4C6F29}.Debug|Any CPU.Build.0 = Debug|Any CPU
		{5A4594B9-9CBF-4FB9-861A-B36E6C4C6F29}.Release|Any CPU.ActiveCfg = Release|Any CPU
		{5A4594B9-9CBF-4FB9-861A-B36E6C4C6F29}.Release|Any CPU.Build.0 = Release|Any CPU
	EndGlobalSection
	GlobalSection(SolutionProperties) = preSolution
		HideSolutionNode = FALSE
	EndGlobalSection
	GlobalSection(ExtensibilityGlobals) = postSolution
		SolutionGuid = {A226D686-E4C4-44F6-AA30-49FD425B7C02}
	EndGlobalSection
EndGlobal
